speakeasyVersion: 1.565.0
sources:
    stacks-source:
        sourceNamespace: stacks-source
        sourceRevisionDigest: sha256:eda2fb3a0834dece46c00815e42f0c0fb4aec70f8d0339d58bb85bcd310b24b5
        sourceBlobDigest: sha256:675ba84c245ed56b7b1b5b2bd89af6529a8c9018f62f9f329f41d53ce0eb1049
        tags:
            - latest
            - speakeasy-sdk-regen-1750254457
            - v3.0.5
targets:
    formance-sdk-go:
        source: stacks-source
        sourceNamespace: stacks-source
        sourceRevisionDigest: sha256:eda2fb3a0834dece46c00815e42f0c0fb4aec70f8d0339d58bb85bcd310b24b5
        sourceBlobDigest: sha256:675ba84c245ed56b7b1b5b2bd89af6529a8c9018f62f9f329f41d53ce0eb1049
        codeSamplesNamespace: stacks-source-go-code-samples
        codeSamplesRevisionDigest: sha256:548c984d1ab045f1adce161cbd52edfa1be195e4726b02fc39e70ff4ff6d0380
workflow:
    workflowVersion: 1.0.0
    speakeasyVersion: latest
    sources:
        stacks-source:
            inputs:
                - location: https://github.com/formancehq/stack/releases/download/v3.0.5/generate.json
            registry:
                location: registry.speakeasyapi.dev/formance/formance/stacks-source
    targets:
        formance-sdk-go:
            target: go
            source: stacks-source
            codeSamples:
                registry:
                    location: registry.speakeasyapi.dev/formance/formance/stacks-source-go-code-samples
                labelOverride:
                    fixedValue: Go (SDK)
                blocking: false
