speakeasyVersion: 1.521.1
sources:
    stacks-source:
        sourceNamespace: stacks-source
        sourceRevisionDigest: sha256:0298acca401cbd35ecf93379fd49e0a2b237d88ca39b3e91940fe9ae61eba53c
        sourceBlobDigest: sha256:f425dd02ba31efb8d82cd4e74907e8d515b79a0a74f5e6aac33d5fe02c2d5770
        tags:
            - latest
            - speakeasy-sdk-regen-1742563382
            - v3.0.3
targets:
    formance-sdk-go:
        source: stacks-source
        sourceNamespace: stacks-source
        sourceRevisionDigest: sha256:0298acca401cbd35ecf93379fd49e0a2b237d88ca39b3e91940fe9ae61eba53c
        sourceBlobDigest: sha256:f425dd02ba31efb8d82cd4e74907e8d515b79a0a74f5e6aac33d5fe02c2d5770
        codeSamplesNamespace: stacks-source-go-code-samples
        codeSamplesRevisionDigest: sha256:a0af00fdeba261e4a7aa3fe21957fae4dfbe985428ac5cebb0742ebabf7b2e68
workflow:
    workflowVersion: 1.0.0
    speakeasyVersion: latest
    sources:
        stacks-source:
            inputs:
                - location: https://github.com/formancehq/stack/releases/download/v3.0.3/generate.json
            registry:
                location: registry.speakeasyapi.dev/formance/formance/stacks-source
    targets:
        formance-sdk-go:
            target: go
            source: stacks-source
            codeSamples:
                registry:
                    location: registry.speakeasyapi.dev/formance/formance/stacks-source-go-code-samples
                labelOverride:
                    fixedValue: Go (SDK)
                blocking: false
