speakeasyVersion: 1.635.1
sources:
    stacks-source:
        sourceNamespace: stacks-source
        sourceRevisionDigest: sha256:7e5972b9253796fda72cfd3b80858d51f8c1026df843c265619594f900578b40
        sourceBlobDigest: sha256:1cd53cc53e77bfa3f809e05c32dfd8b4df1e2a98b68ac561a10f664ce74064e1
        tags:
            - latest
            - speakeasy-sdk-regen-1759796375
            - v3.1.0
targets:
    formance-sdk-go:
        source: stacks-source
        sourceNamespace: stacks-source
        sourceRevisionDigest: sha256:7e5972b9253796fda72cfd3b80858d51f8c1026df843c265619594f900578b40
        sourceBlobDigest: sha256:1cd53cc53e77bfa3f809e05c32dfd8b4df1e2a98b68ac561a10f664ce74064e1
        codeSamplesNamespace: stacks-source-go-code-samples
        codeSamplesRevisionDigest: sha256:9d969290632c40f722b00593c3cebeaf32348108a24f34e0ffea16becc859d87
workflow:
    workflowVersion: 1.0.0
    speakeasyVersion: latest
    sources:
        stacks-source:
            inputs:
                - location: https://github.com/formancehq/stack/releases/download/v3.1.0/generate.json
            registry:
                location: registry.speakeasyapi.dev/formance/formance/stacks-source
    targets:
        formance-sdk-go:
            target: go
            source: stacks-source
            codeSamples:
                registry:
                    location: registry.speakeasyapi.dev/formance/formance/stacks-source-go-code-samples
                labelOverride:
                    fixedValue: Go (SDK)
                blocking: false
